<Solution>
  <Folder Name="/Library/">
    <Project Path="BunnyTail.XamlProperty.Wpf.Generator/BunnyTail.XamlProperty.Wpf.Generator.csproj" />
    <Project Path="BunnyTail.XamlProperty.Maui.Generator/BunnyTail.XamlProperty.Maui.Generator.csproj" />
    <Project Path="BunnyTail.XamlProperty.Avalonia.Generator/BunnyTail.XamlProperty.Avalonia.Generator.csproj" />
  </Folder>
  <Folder Name="/Solution Items/">
    <File Path=".editorconfig" />
    <File Path=".gitattributes" />
    <File Path=".gitignore" />
    <File Path="AGENTS.md" />
    <File Path="Analyzers.ruleset" />
    <File Path="BunnyTail.XamlProperty.sln.DotSettings" />
    <File Path="BunnyTail.XamlProperty.props" />
    <File Path="BunnyTail.XamlProperty.targets" />
    <File Path="CLAUDE.md" />
    <File Path="CodeCoverage.runsettings" />
    <File Path="Diagnostics.md" />
    <File Path="Directory.Build.props" />
    <File Path="Directory.Build.targets" />
    <File Path="LICENSE" />
    <File Path="README.md" />
  </Folder>
  <Folder Name="/Tests/">
    <Project Path="BunnyTail.XamlProperty.Wpf.Tests/BunnyTail.XamlProperty.Wpf.Tests.csproj" />
    <Project Path="BunnyTail.XamlProperty.Maui.Tests/BunnyTail.XamlProperty.Maui.Tests.csproj" />
    <Project Path="BunnyTail.XamlProperty.Avalonia.Tests/BunnyTail.XamlProperty.Avalonia.Tests.csproj" />
  </Folder>
</Solution>
